
Microsoft Visual Studio Solution File, Format Version 12.00
# Visual Studio Version 17
VisualStudioVersion = 17.4.33205.214
MinimumVisualStudioVersion = 10.0.40219.1
Project("{FAE04EC0-301F-11D3-BF4B-00C04F79EFBC}") = "10_Find_Largest_among_three", "10_Find_Largest_among_three.csproj", "{26E9CA5E-3295-46E8-AE3A-5891FC5A0695}"
EndProject
Global
	GlobalSection(SolutionConfigurationPlatforms) = preSolution
		Debug|Any CPU = Debug|Any CPU
		Release|Any CPU = Release|Any CPU
	EndGlobalSection
	GlobalSection(ProjectConfigurationPlatforms) = postSolution
		{26E9CA5E-3295-46E8-AE3A-5891FC5A0695}.Debug|Any CPU.ActiveCfg = Debug|Any CPU
		{26E9CA5E-3295-46E8-AE3A-5891FC5A0695}.Debug|Any CPU.Build.0 = Debug|Any CPU
		{26E9CA5E-3295-46E8-AE3A-5891FC5A0695}.Release|Any CPU.ActiveCfg = Release|Any CPU
		{26E9CA5E-3295-46E8-AE3A-5891FC5A0695}.Release|Any CPU.Build.0 = Release|Any CPU
	EndGlobalSection
	GlobalSection(SolutionProperties) = preSolution
		HideSolutionNode = FALSE
	EndGlobalSection
	GlobalSection(ExtensibilityGlobals) = postSolution
		SolutionGuid = {E847F14E-20DC-4C8A-BC2B-1516BA123E54}
	EndGlobalSection
EndGlobal
